
Microsoft Visual Studio Solution File, Format Version 12.00
Project("{FAE04EC0-301F-11D3-BF4B-00C04F79EFBC}") = "Jellyfin.Plugin.Vgmdb", "Jellyfin.Plugin.Vgmdb\Jellyfin.Plugin.Vgmdb.csproj", "{AEE55B5F-1B35-4155-AFBF-D7586DC39F04}"
EndProject
Global
	GlobalSection(SolutionConfigurationPlatforms) = preSolution
		Debug|Any CPU = Debug|Any CPU
		Release|Any CPU = Release|Any CPU
	EndGlobalSection
	GlobalSection(ProjectConfigurationPlatforms) = postSolution
		{AEE55B5F-1B35-4155-AFBF-D7586DC39F04}.Debug|Any CPU.ActiveCfg = Debug|Any CPU
		{AEE55B5F-1B35-4155-AFBF-D7586DC39F04}.Debug|Any CPU.Build.0 = Debug|Any CPU
		{AEE55B5F-1B35-4155-AFBF-D7586DC39F04}.Release|Any CPU.ActiveCfg = Release|Any CPU
		{AEE55B5F-1B35-4155-AFBF-D7586DC39F04}.Release|Any CPU.Build.0 = Release|Any CPU
	EndGlobalSection
EndGlobal
